{
  "meteor": {},
  "dependencies": {
    "basePackages": {
      "iron-router": {
        "git": "https://github.com/EventedMind/iron-router.git",
        "branch": "dev"
      },
      "cordova": {}
    },
    "packages": {
     "iron-router": {
        "git": "https://github.com/EventedMind/iron-router.git",
        "branch": "dev",
        "commit": "97ce4e61badaea7987682a530ac627c5c1c116aa"
      },
      "cordova": {
        "git": "https://github.com/raix/Meteor-cordova.git",
        "tag": "v0.0.8",
        "commit": "4eff8b9a853673f5f4b450a0102e78f554836da4"
      }
    }
  }
}
